// !$*UTF8*$!
{
	archiveVersion = 1;
	classes = {
	};
	objectVersion = 56;
	objects = {

/* Begin PBXBuildFile section */
		2B037C412B24A1E200F46577 /* UserViewController.swift in Sources */ = {isa = PBXBuildFile; fileRef = 2B037C402B24A1E200F46577 /* UserViewController.swift */; };
		2B663E222B2DB2F700404D04 /* CategoryTableViewCell.swift in Sources */ = {isa = PBXBuildFile; fileRef = 2B663E202B2DB2F700404D04 /* CategoryTableViewCell.swift */; };
		2B663E232B2DB2F700404D04 /* CategoryTableViewCell.xib in Resources */ = {isa = PBXBuildFile; fileRef = 2B663E212B2DB2F700404D04 /* CategoryTableViewCell.xib */; };
		2B663E272B2DB41E00404D04 /* product.swift in Sources */ = {isa = PBXBuildFile; fileRef = 2B663E262B2DB41E00404D04 /* product.swift */; };
		2B663E292B2DB47E00404D04 /* ProductListViewController.swift in Sources */ = {isa = PBXBuildFile; fileRef = 2B663E282B2DB47E00404D04 /* ProductListViewController.swift */; };
		2B663E2C2B2DB6F900404D04 /* ProductListTableViewCell.swift in Sources */ = {isa = PBXBuildFile; fileRef = 2B663E2A2B2DB6F900404D04 /* ProductListTableViewCell.swift */; };
		2B663E2D2B2DB6F900404D04 /* ProductListTableViewCell.xib in Resources */ = {isa = PBXBuildFile; fileRef = 2B663E2B2B2DB6F900404D04 /* ProductListTableViewCell.xib */; };
		2B663E2F2B2DBAC800404D04 /* ProductDetailViewController.swift in Sources */ = {isa = PBXBuildFile; fileRef = 2B663E2E2B2DBAC800404D04 /* ProductDetailViewController.swift */; };
		2B870B292B1B36DC0075903D /* AppDelegate.swift in Sources */ = {isa = PBXBuildFile; fileRef = 2B870B282B1B36DC0075903D /* AppDelegate.swift */; };
		2B870B2B2B1B36DC0075903D /* SceneDelegate.swift in Sources */ = {isa = PBXBuildFile; fileRef = 2B870B2A2B1B36DC0075903D /* SceneDelegate.swift */; };
		2B870B2D2B1B36DC0075903D /* ViewController.swift in Sources */ = {isa = PBXBuildFile; fileRef = 2B870B2C2B1B36DC0075903D /* ViewController.swift */; };
		2B870B302B1B36DC0075903D /* Main.storyboard in Resources */ = {isa = PBXBuildFile; fileRef = 2B870B2E2B1B36DC0075903D /* Main.storyboard */; };
		2B870B322B1B36DD0075903D /* Assets.xcassets in Resources */ = {isa = PBXBuildFile; fileRef = 2B870B312B1B36DD0075903D /* Assets.xcassets */; };
		2B870B352B1B36DD0075903D /* LaunchScreen.storyboard in Resources */ = {isa = PBXBuildFile; fileRef = 2B870B332B1B36DD0075903D /* LaunchScreen.storyboard */; };
		2B870B3F2B1B45440075903D /* RegistrationViewController.swift in Sources */ = {isa = PBXBuildFile; fileRef = 2B870B3E2B1B45440075903D /* RegistrationViewController.swift */; };
		2B870B412B1B57CC0075903D /* LoginViewController.swift in Sources */ = {isa = PBXBuildFile; fileRef = 2B870B402B1B57CC0075903D /* LoginViewController.swift */; };
		2B870B432B1B5B590075903D /* Model.swift in Sources */ = {isa = PBXBuildFile; fileRef = 2B870B422B1B5B590075903D /* Model.swift */; };
		2B870B452B1B8A340075903D /* HomepageViewController.swift in Sources */ = {isa = PBXBuildFile; fileRef = 2B870B442B1B8A340075903D /* HomepageViewController.swift */; };
		2B972C242B1DE97700C8974E /* CategoryViewController.swift in Sources */ = {isa = PBXBuildFile; fileRef = 2B972C232B1DE97700C8974E /* CategoryViewController.swift */; };
		2BAD8B192B309440002AC438 /* CartViewController.swift in Sources */ = {isa = PBXBuildFile; fileRef = 2BAD8B182B309440002AC438 /* CartViewController.swift */; };
		2BAD8B1B2B30945B002AC438 /* CartManager.swift in Sources */ = {isa = PBXBuildFile; fileRef = 2BAD8B1A2B30945B002AC438 /* CartManager.swift */; };
		2BAD8B1E2B309646002AC438 /* CartTableViewCell.swift in Sources */ = {isa = PBXBuildFile; fileRef = 2BAD8B1C2B309646002AC438 /* CartTableViewCell.swift */; };
		2BAD8B1F2B309646002AC438 /* CartTableViewCell.xib in Resources */ = {isa = PBXBuildFile; fileRef = 2BAD8B1D2B309646002AC438 /* CartTableViewCell.xib */; };
/* End PBXBuildFile section */

/* Begin PBXFileReference section */
		2B037C402B24A1E200F46577 /* UserViewController.swift */ = {isa = PBXFileReference; lastKnownFileType = sourcecode.swift; path = UserViewController.swift; sourceTree = "<group>"; };
		2B663E202B2DB2F700404D04 /* CategoryTableViewCell.swift */ = {isa = PBXFileReference; lastKnownFileType = sourcecode.swift; path = CategoryTableViewCell.swift; sourceTree = "<group>"; };
		2B663E212B2DB2F700404D04 /* CategoryTableViewCell.xib */ = {isa = PBXFileReference; lastKnownFileType = file.xib; path = CategoryTableViewCell.xib; sourceTree = "<group>"; };
		2B663E262B2DB41E00404D04 /* product.swift */ = {isa = PBXFileReference; lastKnownFileType = sourcecode.swift; path = product.swift; sourceTree = "<group>"; };
		2B663E282B2DB47E00404D04 /* ProductListViewController.swift */ = {isa = PBXFileReference; lastKnownFileType = sourcecode.swift; path = ProductListViewController.swift; sourceTree = "<group>"; };
		2B663E2A2B2DB6F900404D04 /* ProductListTableViewCell.swift */ = {isa = PBXFileReference; lastKnownFileType = sourcecode.swift; path = ProductListTableViewCell.swift; sourceTree = "<group>"; };
		2B663E2B2B2DB6F900404D04 /* ProductListTableViewCell.xib */ = {isa = PBXFileReference; lastKnownFileType = file.xib; path = ProductListTableViewCell.xib; sourceTree = "<group>"; };
		2B663E2E2B2DBAC800404D04 /* ProductDetailViewController.swift */ = {isa = PBXFileReference; lastKnownFileType = sourcecode.swift; path = ProductDetailViewController.swift; sourceTree = "<group>"; };
		2B870B252B1B36DC0075903D /* Jewerly_Store.app */ = {isa = PBXFileReference; explicitFileType = wrapper.application; includeInIndex = 0; path = Jewerly_Store.app; sourceTree = BUILT_PRODUCTS_DIR; };
		2B870B282B1B36DC0075903D /* AppDelegate.swift */ = {isa = PBXFileReference; lastKnownFileType = sourcecode.swift; path = AppDelegate.swift; sourceTree = "<group>"; };
		2B870B2A2B1B36DC0075903D /* SceneDelegate.swift */ = {isa = PBXFileReference; lastKnownFileType = sourcecode.swift; path = SceneDelegate.swift; sourceTree = "<group>"; };
		2B870B2C2B1B36DC0075903D /* ViewController.swift */ = {isa = PBXFileReference; lastKnownFileType = sourcecode.swift; path = ViewController.swift; sourceTree = "<group>"; };
		2B870B2F2B1B36DC0075903D /* Base */ = {isa = PBXFileReference; lastKnownFileType = file.storyboard; name = Base; path = Base.lproj/Main.storyboard; sourceTree = "<group>"; };
		2B870B312B1B36DD0075903D /* Assets.xcassets */ = {isa = PBXFileReference; lastKnownFileType = folder.assetcatalog; path = Assets.xcassets; sourceTree = "<group>"; };
		2B870B342B1B36DD0075903D /* Base */ = {isa = PBXFileReference; lastKnownFileType = file.storyboard; name = Base; path = Base.lproj/LaunchScreen.storyboard; sourceTree = "<group>"; };
		2B870B362B1B36DD0075903D /* Info.plist */ = {isa = PBXFileReference; lastKnownFileType = text.plist.xml; path = Info.plist; sourceTree = "<group>"; };
		2B870B3E2B1B45440075903D /* RegistrationViewController.swift */ = {isa = PBXFileReference; lastKnownFileType = sourcecode.swift; path = RegistrationViewController.swift; sourceTree = "<group>"; };
		2B870B402B1B57CC0075903D /* LoginViewController.swift */ = {isa = PBXFileReference; lastKnownFileType = sourcecode.swift; path = LoginViewController.swift; sourceTree = "<group>"; };
		2B870B422B1B5B590075903D /* Model.swift */ = {isa = PBXFileReference; lastKnownFileType = sourcecode.swift; path = Model.swift; sourceTree = "<group>"; };
		2B870B442B1B8A340075903D /* HomepageViewController.swift */ = {isa = PBXFileReference; lastKnownFileType = sourcecode.swift; path = HomepageViewController.swift; sourceTree = "<group>"; };
		2B972C232B1DE97700C8974E /* CategoryViewController.swift */ = {isa = PBXFileReference; lastKnownFileType = sourcecode.swift; path = CategoryViewController.swift; sourceTree = "<group>"; };
		2BAD8B182B309440002AC438 /* CartViewController.swift */ = {isa = PBXFileReference; lastKnownFileType = sourcecode.swift; path = CartViewController.swift; sourceTree = "<group>"; };
		2BAD8B1A2B30945B002AC438 /* CartManager.swift */ = {isa = PBXFileReference; lastKnownFileType = sourcecode.swift; path = CartManager.swift; sourceTree = "<group>"; };
		2BAD8B1C2B309646002AC438 /* CartTableViewCell.swift */ = {isa = PBXFileReference; lastKnownFileType = sourcecode.swift; path = CartTableViewCell.swift; sourceTree = "<group>"; };
		2BAD8B1D2B309646002AC438 /* CartTableViewCell.xib */ = {isa = PBXFileReference; lastKnownFileType = file.xib; path = CartTableViewCell.xib; sourceTree = "<group>"; };
/* End PBXFileReference section */

/* Begin PBXFrameworksBuildPhase section */
		2B870B222B1B36DC0075903D /* Frameworks */ = {
			isa = PBXFrameworksBuildPhase;
			buildActionMask = 2147483647;
			files = (
			);
			runOnlyForDeploymentPostprocessing = 0;
		};
/* End PBXFrameworksBuildPhase section */

/* Begin PBXGroup section */
		2B663E1F2B2DB23100404D04 /* Category */ = {
			isa = PBXGroup;
			children = (
			);
			path = Category;
			sourceTree = "<group>";
		};
		2B870B1C2B1B36DC0075903D = {
			isa = PBXGroup;
			children = (
				2B870B272B1B36DC0075903D /* Jewerly_Store */,
				2B870B262B1B36DC0075903D /* Products */,
			);
			sourceTree = "<group>";
		};
		2B870B262B1B36DC0075903D /* Products */ = {
			isa = PBXGroup;
			children = (
				2B870B252B1B36DC0075903D /* Jewerly_Store.app */,
			);
			name = Products;
			sourceTree = "<group>";
		};
		2B870B272B1B36DC0075903D /* Jewerly_Store */ = {
			isa = PBXGroup;
			children = (
				2B663E1F2B2DB23100404D04 /* Category */,
				2B870B282B1B36DC0075903D /* AppDelegate.swift */,
				2B870B2A2B1B36DC0075903D /* SceneDelegate.swift */,
				2B870B2C2B1B36DC0075903D /* ViewController.swift */,
				2B870B2E2B1B36DC0075903D /* Main.storyboard */,
				2B870B312B1B36DD0075903D /* Assets.xcassets */,
				2B870B332B1B36DD0075903D /* LaunchScreen.storyboard */,
				2B972C232B1DE97700C8974E /* CategoryViewController.swift */,
				2B870B362B1B36DD0075903D /* Info.plist */,
				2B870B3E2B1B45440075903D /* RegistrationViewController.swift */,
				2B870B402B1B57CC0075903D /* LoginViewController.swift */,
				2B870B422B1B5B590075903D /* Model.swift */,
				2B870B442B1B8A340075903D /* HomepageViewController.swift */,
				2B037C402B24A1E200F46577 /* UserViewController.swift */,
				2B663E202B2DB2F700404D04 /* CategoryTableViewCell.swift */,
				2B663E212B2DB2F700404D04 /* CategoryTableViewCell.xib */,
				2B663E262B2DB41E00404D04 /* product.swift */,
				2B663E282B2DB47E00404D04 /* ProductListViewController.swift */,
				2B663E2A2B2DB6F900404D04 /* ProductListTableViewCell.swift */,
				2B663E2B2B2DB6F900404D04 /* ProductListTableViewCell.xib */,
				2B663E2E2B2DBAC800404D04 /* ProductDetailViewController.swift */,
				2BAD8B182B309440002AC438 /* CartViewController.swift */,
				2BAD8B1A2B30945B002AC438 /* CartManager.swift */,
				2BAD8B1C2B309646002AC438 /* CartTableViewCell.swift */,
				2BAD8B1D2B309646002AC438 /* CartTableViewCell.xib */,
			);
			path = Jewerly_Store;
			sourceTree = "<group>";
		};
/* End PBXGroup section */

/* Begin PBXNativeTarget section */
		2B870B242B1B36DC0075903D /* Jewerly_Store */ = {
			isa = PBXNativeTarget;
			buildConfigurationList = 2B870B392B1B36DD0075903D /* Build configuration list for PBXNativeTarget "Jewerly_Store" */;
			buildPhases = (
				2B870B212B1B36DC0075903D /* Sources */,
				2B870B222B1B36DC0075903D /* Frameworks */,
				2B870B232B1B36DC0075903D /* Resources */,
			);
			buildRules = (
			);
			dependencies = (
			);
			name = Jewerly_Store;
			productName = Jewerly_Store;
			productReference = 2B870B252B1B36DC0075903D /* Jewerly_Store.app */;
			productType = "com.apple.product-type.application";
		};
/* End PBXNativeTarget section */

/* Begin PBXProject section */
		2B870B1D2B1B36DC0075903D /* Project object */ = {
			isa = PBXProject;
			attributes = {
				BuildIndependentTargetsInParallel = 1;
				LastSwiftUpdateCheck = 1500;
				LastUpgradeCheck = 1500;
				TargetAttributes = {
					2B870B242B1B36DC0075903D = {
						CreatedOnToolsVersion = 15.0;
					};
				};
			};
			buildConfigurationList = 2B870B202B1B36DC0075903D /* Build configuration list for PBXProject "Jewerly_Store" */;
			compatibilityVersion = "Xcode 14.0";
			developmentRegion = en;
			hasScannedForEncodings = 0;
			knownRegions = (
				en,
				Base,
			);
			mainGroup = 2B870B1C2B1B36DC0075903D;
			productRefGroup = 2B870B262B1B36DC0075903D /* Products */;
			projectDirPath = "";
			projectRoot = "";
			targets = (
				2B870B242B1B36DC0075903D /* Jewerly_Store */,
			);
		};
/* End PBXProject section */

/* Begin PBXResourcesBuildPhase section */
		2B870B232B1B36DC0075903D /* Resources */ = {
			isa = PBXResourcesBuildPhase;
			buildActionMask = 2147483647;
			files = (
				2B663E2D2B2DB6F900404D04 /* ProductListTableViewCell.xib in Resources */,
				2B870B352B1B36DD0075903D /* LaunchScreen.storyboard in Resources */,
				2B870B322B1B36DD0075903D /* Assets.xcassets in Resources */,
				2BAD8B1F2B309646002AC438 /* CartTableViewCell.xib in Resources */,
				2B870B302B1B36DC0075903D /* Main.storyboard in Resources */,
				2B663E232B2DB2F700404D04 /* CategoryTableViewCell.xib in Resources */,
			);
			runOnlyForDeploymentPostprocessing = 0;
		};
/* End PBXResourcesBuildPhase section */

/* Begin PBXSourcesBuildPhase section */
		2B870B212B1B36DC0075903D /* Sources */ = {
			isa = PBXSourcesBuildPhase;
			buildActionMask = 2147483647;
			files = (
				2B870B2D2B1B36DC0075903D /* ViewController.swift in Sources */,
				2BAD8B1B2B30945B002AC438 /* CartManager.swift in Sources */,
				2B037C412B24A1E200F46577 /* UserViewController.swift in Sources */,
				2B663E272B2DB41E00404D04 /* product.swift in Sources */,
				2B870B292B1B36DC0075903D /* AppDelegate.swift in Sources */,
				2B870B3F2B1B45440075903D /* RegistrationViewController.swift in Sources */,
				2B870B452B1B8A340075903D /* HomepageViewController.swift in Sources */,
				2B663E2C2B2DB6F900404D04 /* ProductListTableViewCell.swift in Sources */,
				2BAD8B1E2B309646002AC438 /* CartTableViewCell.swift in Sources */,
				2BAD8B192B309440002AC438 /* CartViewController.swift in Sources */,
				2B663E222B2DB2F700404D04 /* CategoryTableViewCell.swift in Sources */,
				2B972C242B1DE97700C8974E /* CategoryViewController.swift in Sources */,
				2B663E2F2B2DBAC800404D04 /* ProductDetailViewController.swift in Sources */,
				2B870B432B1B5B590075903D /* Model.swift in Sources */,
				2B870B412B1B57CC0075903D /* LoginViewController.swift in Sources */,
				2B663E292B2DB47E00404D04 /* ProductListViewController.swift in Sources */,
				2B870B2B2B1B36DC0075903D /* SceneDelegate.swift in Sources */,
			);
			runOnlyForDeploymentPostprocessing = 0;
		};
/* End PBXSourcesBuildPhase section */

/* Begin PBXVariantGroup section */
		2B870B2E2B1B36DC0075903D /* Main.storyboard */ = {
			isa = PBXVariantGroup;
			children = (
				2B870B2F2B1B36DC0075903D /* Base */,
			);
			name = Main.storyboard;
			sourceTree = "<group>";
		};
		2B870B332B1B36DD0075903D /* LaunchScreen.storyboard */ = {
			isa = PBXVariantGroup;
			children = (
				2B870B342B1B36DD0075903D /* Base */,
			);
			name = LaunchScreen.storyboard;
			sourceTree = "<group>";
		};
/* End PBXVariantGroup section */

/* Begin XCBuildConfiguration section */
		2B870B372B1B36DD0075903D /* Debug */ = {
			isa = XCBuildConfiguration;
			buildSettings = {
				ALWAYS_SEARCH_USER_PATHS = NO;
				ASSETCATALOG_COMPILER_GENERATE_SWIFT_ASSET_SYMBOL_EXTENSIONS = YES;
				CLANG_ANALYZER_NONNULL = YES;
				CLANG_ANALYZER_NUMBER_OBJECT_CONVERSION = YES_AGGRESSIVE;
				CLANG_CXX_LANGUAGE_STANDARD = "gnu++20";
				CLANG_ENABLE_MODULES = YES;
				CLANG_ENABLE_OBJC_ARC = YES;
				CLANG_ENABLE_OBJC_WEAK = YES;
				CLANG_WARN_BLOCK_CAPTURE_AUTORELEASING = YES;
				CLANG_WARN_BOOL_CONVERSION = YES;
				CLANG_WARN_COMMA = YES;
				CLANG_WARN_CONSTANT_CONVERSION = YES;
				CLANG_WARN_DEPRECATED_OBJC_IMPLEMENTATIONS = YES;
				CLANG_WARN_DIRECT_OBJC_ISA_USAGE = YES_ERROR;
				CLANG_WARN_DOCUMENTATION_COMMENTS = YES;
				CLANG_WARN_EMPTY_BODY = YES;
				CLANG_WARN_ENUM_CONVERSION = YES;
				CLANG_WARN_INFINITE_RECURSION = YES;
				CLANG_WARN_INT_CONVERSION = YES;
				CLANG_WARN_NON_LITERAL_NULL_CONVERSION = YES;
				CLANG_WARN_OBJC_IMPLICIT_RETAIN_SELF = YES;
				CLANG_WARN_OBJC_LITERAL_CONVERSION = YES;
				CLANG_WARN_OBJC_ROOT_CLASS = YES_ERROR;
				CLANG_WARN_QUOTED_INCLUDE_IN_FRAMEWORK_HEADER = YES;
				CLANG_WARN_RANGE_LOOP_ANALYSIS = YES;
				CLANG_WARN_STRICT_PROTOTYPES = YES;
				CLANG_WARN_SUSPICIOUS_MOVE = YES;
				CLANG_WARN_UNGUARDED_AVAILABILITY = YES_AGGRESSIVE;
				CLANG_WARN_UNREACHABLE_CODE = YES;
				CLANG_WARN__DUPLICATE_METHOD_MATCH = YES;
				COPY_PHASE_STRIP = NO;
				DEBUG_INFORMATION_FORMAT = dwarf;
				ENABLE_STRICT_OBJC_MSGSEND = YES;
				ENABLE_TESTABILITY = YES;
				ENABLE_USER_SCRIPT_SANDBOXING = YES;
				GCC_C_LANGUAGE_STANDARD = gnu17;
				GCC_DYNAMIC_NO_PIC = NO;
				GCC_NO_COMMON_BLOCKS = YES;
				GCC_OPTIMIZATION_LEVEL = 0;
				GCC_PREPROCESSOR_DEFINITIONS = (
					"DEBUG=1",
					"$(inherited)",
				);
				GCC_WARN_64_TO_32_BIT_CONVERSION = YES;
				GCC_WARN_ABOUT_RETURN_TYPE = YES_ERROR;
				GCC_WARN_UNDECLARED_SELECTOR = YES;
				GCC_WARN_UNINITIALIZED_AUTOS = YES_AGGRESSIVE;
				GCC_WARN_UNUSED_FUNCTION = YES;
				GCC_WARN_UNUSED_VARIABLE = YES;
				IPHONEOS_DEPLOYMENT_TARGET = 17.0;
				LOCALIZATION_PREFERS_STRING_CATALOGS = YES;
				MTL_ENABLE_DEBUG_INFO = INCLUDE_SOURCE;
				MTL_FAST_MATH = YES;
				ONLY_ACTIVE_ARCH = YES;
				SDKROOT = iphoneos;
				SWIFT_ACTIVE_COMPILATION_CONDITIONS = "DEBUG $(inherited)";
				SWIFT_OPTIMIZATION_LEVEL = "-Onone";
			};
			name = Debug;
		};
		2B870B382B1B36DD0075903D /* Release */ = {
			isa = XCBuildConfiguration;
			buildSettings = {
				ALWAYS_SEARCH_USER_PATHS = NO;
				ASSETCATALOG_COMPILER_GENERATE_SWIFT_ASSET_SYMBOL_EXTENSIONS = YES;
				CLANG_ANALYZER_NONNULL = YES;
				CLANG_ANALYZER_NUMBER_OBJECT_CONVERSION = YES_AGGRESSIVE;
				CLANG_CXX_LANGUAGE_STANDARD = "gnu++20";
				CLANG_ENABLE_MODULES = YES;
				CLANG_ENABLE_OBJC_ARC = YES;
				CLANG_ENABLE_OBJC_WEAK = YES;
				CLANG_WARN_BLOCK_CAPTURE_AUTORELEASING = YES;
				CLANG_WARN_BOOL_CONVERSION = YES;
				CLANG_WARN_COMMA = YES;
				CLANG_WARN_CONSTANT_CONVERSION = YES;
				CLANG_WARN_DEPRECATED_OBJC_IMPLEMENTATIONS = YES;
				CLANG_WARN_DIRECT_OBJC_ISA_USAGE = YES_ERROR;
				CLANG_WARN_DOCUMENTATION_COMMENTS = YES;
				CLANG_WARN_EMPTY_BODY = YES;
				CLANG_WARN_ENUM_CONVERSION = YES;
				CLANG_WARN_INFINITE_RECURSION = YES;
				CLANG_WARN_INT_CONVERSION = YES;
				CLANG_WARN_NON_LITERAL_NULL_CONVERSION = YES;
				CLANG_WARN_OBJC_IMPLICIT_RETAIN_SELF = YES;
				CLANG_WARN_OBJC_LITERAL_CONVERSION = YES;
				CLANG_WARN_OBJC_ROOT_CLASS = YES_ERROR;
				CLANG_WARN_QUOTED_INCLUDE_IN_FRAMEWORK_HEADER = YES;
				CLANG_WARN_RANGE_LOOP_ANALYSIS = YES;
				CLANG_WARN_STRICT_PROTOTYPES = YES;
				CLANG_WARN_SUSPICIOUS_MOVE = YES;
				CLANG_WARN_UNGUARDED_AVAILABILITY = YES_AGGRESSIVE;
				CLANG_WARN_UNREACHABLE_CODE = YES;
				CLANG_WARN__DUPLICATE_METHOD_MATCH = YES;
				COPY_PHASE_STRIP = NO;
				DEBUG_INFORMATION_FORMAT = "dwarf-with-dsym";
				ENABLE_NS_ASSERTIONS = NO;
				ENABLE_STRICT_OBJC_MSGSEND = YES;
				ENABLE_USER_SCRIPT_SANDBOXING = YES;
				GCC_C_LANGUAGE_STANDARD = gnu17;
				GCC_NO_COMMON_BLOCKS = YES;
				GCC_WARN_64_TO_32_BIT_CONVERSION = YES;
				GCC_WARN_ABOUT_RETURN_TYPE = YES_ERROR;
				GCC_WARN_UNDECLARED_SELECTOR = YES;
				GCC_WARN_UNINITIALIZED_AUTOS = YES_AGGRESSIVE;
				GCC_WARN_UNUSED_FUNCTION = YES;
				GCC_WARN_UNUSED_VARIABLE = YES;
				IPHONEOS_DEPLOYMENT_TARGET = 17.0;
				LOCALIZATION_PREFERS_STRING_CATALOGS = YES;
				MTL_ENABLE_DEBUG_INFO = NO;
				MTL_FAST_MATH = YES;
				SDKROOT = iphoneos;
				SWIFT_COMPILATION_MODE = wholemodule;
				VALIDATE_PRODUCT = YES;
			};
			name = Release;
		};
		2B870B3A2B1B36DD0075903D /* Debug */ = {
			isa = XCBuildConfiguration;
			buildSettings = {
				ASSETCATALOG_COMPILER_APPICON_NAME = AppIcon;
				ASSETCATALOG_COMPILER_GLOBAL_ACCENT_COLOR_NAME = AccentColor;
				CODE_SIGN_STYLE = Automatic;
				CURRENT_PROJECT_VERSION = 1;
				DEVELOPMENT_TEAM = 79V9MHH2D4;
				GENERATE_INFOPLIST_FILE = YES;
				INFOPLIST_FILE = Jewerly_Store/Info.plist;
				INFOPLIST_KEY_UIApplicationSupportsIndirectInputEvents = YES;
				INFOPLIST_KEY_UILaunchStoryboardName = LaunchScreen;
				INFOPLIST_KEY_UIMainStoryboardFile = Main;
				INFOPLIST_KEY_UISupportedInterfaceOrientations_iPad = "UIInterfaceOrientationPortrait UIInterfaceOrientationPortraitUpsideDown UIInterfaceOrientationLandscapeLeft UIInterfaceOrientationLandscapeRight";
				INFOPLIST_KEY_UISupportedInterfaceOrientations_iPhone = "UIInterfaceOrientationPortrait UIInterfaceOrientationLandscapeLeft UIInterfaceOrientationLandscapeRight";
				LD_RUNPATH_SEARCH_PATHS = (
					"$(inherited)",
					"@executable_path/Frameworks",
				);
				MARKETING_VERSION = 1.0;
				PRODUCT_BUNDLE_IDENTIFIER = "com.TNine.Jewerly-Store";
				PRODUCT_NAME = "$(TARGET_NAME)";
				SWIFT_EMIT_LOC_STRINGS = YES;
				SWIFT_VERSION = 5.0;
				TARGETED_DEVICE_FAMILY = "1,2";
			};
			name = Debug;
		};
		2B870B3B2B1B36DD0075903D /* Release */ = {
			isa = XCBuildConfiguration;
			buildSettings = {
				ASSETCATALOG_COMPILER_APPICON_NAME = AppIcon;
				ASSETCATALOG_COMPILER_GLOBAL_ACCENT_COLOR_NAME = AccentColor;
				CODE_SIGN_STYLE = Automatic;
				CURRENT_PROJECT_VERSION = 1;
				DEVELOPMENT_TEAM = 79V9MHH2D4;
				GENERATE_INFOPLIST_FILE = YES;
				INFOPLIST_FILE = Jewerly_Store/Info.plist;
				INFOPLIST_KEY_UIApplicationSupportsIndirectInputEvents = YES;
				INFOPLIST_KEY_UILaunchStoryboardName = LaunchScreen;
				INFOPLIST_KEY_UIMainStoryboardFile = Main;
				INFOPLIST_KEY_UISupportedInterfaceOrientations_iPad = "UIInterfaceOrientationPortrait UIInterfaceOrientationPortraitUpsideDown UIInterfaceOrientationLandscapeLeft UIInterfaceOrientationLandscapeRight";
				INFOPLIST_KEY_UISupportedInterfaceOrientations_iPhone = "UIInterfaceOrientationPortrait UIInterfaceOrientationLandscapeLeft UIInterfaceOrientationLandscapeRight";
				LD_RUNPATH_SEARCH_PATHS = (
					"$(inherited)",
					"@executable_path/Frameworks",
				);
				MARKETING_VERSION = 1.0;
				PRODUCT_BUNDLE_IDENTIFIER = "com.TNine.Jewerly-Store";
				PRODUCT_NAME = "$(TARGET_NAME)";
				SWIFT_EMIT_LOC_STRINGS = YES;
				SWIFT_VERSION = 5.0;
				TARGETED_DEVICE_FAMILY = "1,2";
			};
			name = Release;
		};
/* End XCBuildConfiguration section */

/* Begin XCConfigurationList section */
		2B870B202B1B36DC0075903D /* Build configuration list for PBXProject "Jewerly_Store" */ = {
			isa = XCConfigurationList;
			buildConfigurations = (
				2B870B372B1B36DD0075903D /* Debug */,
				2B870B382B1B36DD0075903D /* Release */,
			);
			defaultConfigurationIsVisible = 0;
			defaultConfigurationName = Release;
		};
		2B870B392B1B36DD0075903D /* Build configuration list for PBXNativeTarget "Jewerly_Store" */ = {
			isa = XCConfigurationList;
			buildConfigurations = (
				2B870B3A2B1B36DD0075903D /* Debug */,
				2B870B3B2B1B36DD0075903D /* Release */,
			);
			defaultConfigurationIsVisible = 0;
			defaultConfigurationName = Release;
		};
/* End XCConfigurationList section */
	};
	rootObject = 2B870B1D2B1B36DC0075903D /* Project object */;
}
